{
  "name": "decorate",
  "version": "1.0.0",
  "lockfileVersion": 1,
  "requires": true,
  "dependencies": {
    "cloudfront-log-parser": {
      "version": "1.1.0",
      "resolved": "https://registry.npmjs.org/cloudfront-log-parser/-/cloudfront-log-parser-1.1.0.tgz",
      "integrity": "sha512-g1lxh8aW5ZrQ7/loX2/vLzz4SWefQhSvZw++wgoIx3aEugXHKyfYaWOXGS4pNNp9hi7JcXITxLYqBI2FY+jtgA=="
    },
    "date-fns": {
      "version": "2.9.0",
      "resolved": "https://registry.npmjs.org/date-fns/-/date-fns-2.9.0.tgz",
      "integrity": "sha512-khbFLu/MlzLjEzy9Gh8oY1hNt/Dvxw3J6Rbc28cVoYWQaC1S3YI4xwkF9ZWcjDLscbZlY9hISMr66RFzZagLsA=="
    },
    "ua-parser-js": {
      "version": "0.7.24",
      "resolved": "https://registry.npmjs.org/ua-parser-js/-/ua-parser-js-0.7.24.tgz",
      "integrity": "sha512-yo+miGzQx5gakzVK3QFfN0/L9uVhosXBBO7qmnk7c2iw1IhL212wfA3zbnI54B0obGwC/5NWub/iT9sReMx+Fw=="
    }
  }
}
